
Microsoft Visual Studio Solution File, Format Version 12.00
# Visual Studio Version 17
VisualStudioVersion = 17.6.33712.159
MinimumVisualStudioVersion = 10.0.40219.1
Project("{FAE04EC0-301F-11D3-BF4B-00C04F79EFBC}") = "PersonsDetails", "Nnnn\PersonsDetails.csproj", "{35F09F25-9CE7-4B52-B374-2DFEC182C2B3}"
EndProject
Global
	GlobalSection(SolutionConfigurationPlatforms) = preSolution
		Debug|Any CPU = Debug|Any CPU
		Release|Any CPU = Release|Any CPU
	EndGlobalSection
	GlobalSection(ProjectConfigurationPlatforms) = postSolution
		{35F09F25-9CE7-4B52-B374-2DFEC182C2B3}.Debug|Any CPU.ActiveCfg = Debug|Any CPU
		{35F09F25-9CE7-4B52-B374-2DFEC182C2B3}.Debug|Any CPU.Build.0 = Debug|Any CPU
		{35F09F25-9CE7-4B52-B374-2DFEC182C2B3}.Release|Any CPU.ActiveCfg = Release|Any CPU
		{35F09F25-9CE7-4B52-B374-2DFEC182C2B3}.Release|Any CPU.Build.0 = Release|Any CPU
	EndGlobalSection
	GlobalSection(SolutionProperties) = preSolution
		HideSolutionNode = FALSE
	EndGlobalSection
	GlobalSection(ExtensibilityGlobals) = postSolution
		SolutionGuid = {1417203B-9A18-4F2B-819A-4395148397DE}
	EndGlobalSection
EndGlobal
